
Microsoft Visual Studio Solution File, Format Version 12.00
# Visual Studio Version 16
VisualStudioVersion = 16.0.31321.278
MinimumVisualStudioVersion = 10.0.40219.1
Project("{FAE04EC0-301F-11D3-BF4B-00C04F79EFBC}") = "Create_Tabel", "Create_Tabel\Create_Tabel.csproj", "{49DC553E-577A-4A1E-BA80-2E0D4FE4D50A}"
EndProject
Global
	GlobalSection(SolutionConfigurationPlatforms) = preSolution
		Debug|Any CPU = Debug|Any CPU
		Release|Any CPU = Release|Any CPU
	EndGlobalSection
	GlobalSection(ProjectConfigurationPlatforms) = postSolution
		{49DC553E-577A-4A1E-BA80-2E0D4FE4D50A}.Debug|Any CPU.ActiveCfg = Debug|Any CPU
		{49DC553E-577A-4A1E-BA80-2E0D4FE4D50A}.Debug|Any CPU.Build.0 = Debug|Any CPU
		{49DC553E-577A-4A1E-BA80-2E0D4FE4D50A}.Release|Any CPU.ActiveCfg = Release|Any CPU
		{49DC553E-577A-4A1E-BA80-2E0D4FE4D50A}.Release|Any CPU.Build.0 = Release|Any CPU
	EndGlobalSection
	GlobalSection(SolutionProperties) = preSolution
		HideSolutionNode = FALSE
	EndGlobalSection
	GlobalSection(ExtensibilityGlobals) = postSolution
		SolutionGuid = {0C64AAE4-E082-4FD5-95E6-88DAAE622C57}
	EndGlobalSection
EndGlobal
